
Microsoft Visual Studio Solution File, Format Version 12.00
# Visual Studio Version 16
VisualStudioVersion = 16.0.30225.117
MinimumVisualStudioVersion = 10.0.40219.1
Project("{888888A0-9F3D-457C-B088-3A5042F75D52}") = "SearchFox", "SearchFox.pyproj", "{6794EE42-8D47-4B59-854D-DF0B07230BBD}"
EndProject
Global
	GlobalSection(SolutionConfigurationPlatforms) = preSolution
		Debug|Any CPU = Debug|Any CPU
		Release|Any CPU = Release|Any CPU
	EndGlobalSection
	GlobalSection(ProjectConfigurationPlatforms) = postSolution
		{6794EE42-8D47-4B59-854D-DF0B07230BBD}.Debug|Any CPU.ActiveCfg = Debug|Any CPU
		{6794EE42-8D47-4B59-854D-DF0B07230BBD}.Release|Any CPU.ActiveCfg = Release|Any CPU
	EndGlobalSection
	GlobalSection(SolutionProperties) = preSolution
		HideSolutionNode = FALSE
	EndGlobalSection
	GlobalSection(ExtensibilityGlobals) = postSolution
		SolutionGuid = {0048FEBA-5E20-4326-AE60-720EE72A645D}
	EndGlobalSection
EndGlobal
